{
  "requires": true,
  "lockfileVersion": 1,
  "dependencies": {
    "prismjs": {
      "version": "1.25.0",
      "resolved": "https://registry.npmjs.org/prismjs/-/prismjs-1.25.0.tgz",
      "integrity": "sha512-WCjJHl1KEWbnkQom1+SzftbtXMKQoezOCYs5rECqMN+jP+apI7ftoflyqigqzopSO3hMhTEb0mFClA8lkolgEg=="
    },
    "react-notion": {
      "version": "0.10.0",
      "resolved": "https://registry.npmjs.org/react-notion/-/react-notion-0.10.0.tgz",
      "integrity": "sha512-i5lVAxzSs7GnTpIbKtivPQWxGZiKCO5xmCmMJyn6F91y8X1IIJqnypkK+31F2acb1l1Qd8Yv0ktuvXwz9g49NQ==",
      "requires": {
        "prismjs": "^1.21.0"
      }
    }
  }
}
